
Microsoft Visual Studio Solution File, Format Version 12.00
# Visual Studio Version 17
VisualStudioVersion = 17.10.35013.160
MinimumVisualStudioVersion = 10.0.40219.1
Project("{FAE04EC0-301F-11D3-BF4B-00C04F79EFBC}") = "Proyecto", "ConsoleApp1\Proyecto.csproj", "{6963547E-8998-49BB-8B14-F0F23DEE805C}"
EndProject
Project("{2150E333-8FDC-42A3-9474-1A3956D46DE8}") = "poyecto", "poyecto", "{FE5B8ABC-D358-4C05-89EB-8ED5315CC73D}"
EndProject
Global
	GlobalSection(SolutionConfigurationPlatforms) = preSolution
		Debug|Any CPU = Debug|Any CPU
		Release|Any CPU = Release|Any CPU
	EndGlobalSection
	GlobalSection(ProjectConfigurationPlatforms) = postSolution
		{6963547E-8998-49BB-8B14-F0F23DEE805C}.Debug|Any CPU.ActiveCfg = Debug|Any CPU
		{6963547E-8998-49BB-8B14-F0F23DEE805C}.Debug|Any CPU.Build.0 = Debug|Any CPU
		{6963547E-8998-49BB-8B14-F0F23DEE805C}.Release|Any CPU.ActiveCfg = Release|Any CPU
		{6963547E-8998-49BB-8B14-F0F23DEE805C}.Release|Any CPU.Build.0 = Release|Any CPU
	EndGlobalSection
	GlobalSection(SolutionProperties) = preSolution
		HideSolutionNode = FALSE
	EndGlobalSection
	GlobalSection(NestedProjects) = preSolution
		{6963547E-8998-49BB-8B14-F0F23DEE805C} = {FE5B8ABC-D358-4C05-89EB-8ED5315CC73D}
	EndGlobalSection
	GlobalSection(ExtensibilityGlobals) = postSolution
		SolutionGuid = {7106605C-C98D-4541-B0F8-E7F7175CC5F2}
	EndGlobalSection
EndGlobal
